{
  "name": "dreysiongames.github.io",
  "lockfileVersion": 3,
  "requires": true,
  "packages": {
    "": {
      "name": "dreysiongames.github.io",
      "dependencies": {
        "bonjour": "^3.3.0"
      }
    },
    "node_modules/array-flatten": {
      "version": "2.1.2",
      "resolved": "https://registry.npmjs.org/array-flatten/-/array-flatten-2.1.2.tgz",
      "integrity": "sha512-hNfzcOV8W4NdualtqBFPyVO+54DSJuZGY9qT4pRroB6S9e3iiido2ISIC5h9R2sPJ8H3FHCIiEnsv1lPXO3KtQ==",
      "license": "MIT"
    },
    "node_modules/bonjour": {
      "version": "3.3.0",
      "resolved": "https://registry.npmjs.org/bonjour/-/bonjour-3.3.0.tgz",
      "integrity": "sha512-Pit4+jWXvwm2ScgOu4xeu2Jg1E3Wc9UfGjrZYPkhtH+BxgYNfa4vfyd9cvfYvChWUTRXKyo4LpCI8BQ5B5mxTw==",
      "license": "MIT",
      "dependencies": {
        "array-flatten": "^2.0.0",
        "dns-equal": "^1.0.0",
        "dns-txt": "^2.0.1",
        "multicast-dns": "^5.0.0",
        "multicast-dns-service-types": "^1.1.0"
      }
    },
    "node_modules/buffer-indexof": {
      "version": "1.1.1",
      "resolved": "https://registry.npmjs.org/buffer-indexof/-/buffer-indexof-1.1.1.tgz",
      "integrity": "sha512-4/rOEg86jivtPTeOUUT61jJO1Ya1TrR/OkqCSZDyq84WJh3LuuiphBYJN+fm5xufIk4XAFcEwte/8WzC8If/1g==",
      "license": "MIT"
    },
    "node_modules/dns-equal": {
      "version": "1.0.0",
      "resolved": "https://registry.npmjs.org/dns-equal/-/dns-equal-1.0.0.tgz",
      "integrity": "sha512-z+paD6YUQsk+AbGCEM4PrOXSss5gd66QfcVBFTKR/HpFL9jCqikS94HYwKww6fQyO7IxrIIyUu+g0Ka9tUS2Cg==",
      "license": "MIT"
    },
    "node_modules/dns-txt": {
      "version": "2.0.2",
      "resolved": "https://registry.npmjs.org/dns-txt/-/dns-txt-2.0.2.tgz",
      "integrity": "sha512-Ix5PrWjphuSoUXV/Zv5gaFHjnaJtb02F2+Si3Ht9dyJ87+Z/lMmy+dpNHtTGraNK958ndXq2i+GLkWsWHcKaBQ==",
      "license": "MIT",
      "dependencies": {
        "buffer-indexof": "^1.0.0"
      }
    },
    "node_modules/ip": {
      "version": "1.1.9",
      "resolved": "https://registry.npmjs.org/ip/-/ip-1.1.9.tgz",
      "integrity": "sha512-cyRxvOEpNHNtchU3Ln9KC/auJgup87llfQpQ+t5ghoC/UhL16SWzbueiCsdTnWmqAWl7LadfuwhlqmtOaqMHdQ==",
      "license": "MIT"
    },
    "node_modules/multicast-dns": {
      "version": "5.5.0",
      "resolved": "https://registry.npmjs.org/multicast-dns/-/multicast-dns-5.5.0.tgz",
      "integrity": "sha512-to2iv2lm7Bltx01nbAU0Vya/WdHnr7JvT1RBpt9WBznq43OZUgIkMxvOA5kOXqGI+kDlb7NUIrrFvBLQ1/Lz+w==",
      "license": "MIT",
      "dependencies": {
        "ip": "^1.1.0",
        "thunky": "^0.1.0"
      },
      "bin": {
        "multicast-dns": "cli.js"
      }
    },
    "node_modules/multicast-dns-service-types": {
      "version": "1.1.0",
      "resolved": "https://registry.npmjs.org/multicast-dns-service-types/-/multicast-dns-service-types-1.1.0.tgz",
      "integrity": "sha512-cnAsSVxIDsYt0v7HmC0hWZFwwXSh+E6PgCrREDuN/EsjgLwA5XRmlMHhSiDPrt6HxY1gTivEa/Zh7GtODoLevQ==",
      "license": "MIT"
    },
    "node_modules/thunky": {
      "version": "0.1.0",
      "resolved": "https://registry.npmjs.org/thunky/-/thunky-0.1.0.tgz",
      "integrity": "sha512-vquTt/sKNzFqFK8DKLg33U7deg93WKYH4CE2Ul9hOyMCfm7VXgM7GJQRpPAgnmgnrf407Fcq8TQVEKlbavAu+A=="
    }
  }
}
